
Microsoft Visual Studio Solution File, Format Version 12.00
# Visual Studio Version 16
VisualStudioVersion = 16.0.30907.101
MinimumVisualStudioVersion = 10.0.40219.1
Project("{FAE04EC0-301F-11D3-BF4B-00C04F79EFBC}") = "Printservice", "Printservice.csproj", "{093F5E53-F74B-4DA5-824A-40F9AC1AFB59}"
EndProject
Global
	GlobalSection(SolutionConfigurationPlatforms) = preSolution
		Debug|Any CPU = Debug|Any CPU
		Release|Any CPU = Release|Any CPU
	EndGlobalSection
	GlobalSection(ProjectConfigurationPlatforms) = postSolution
		{093F5E53-F74B-4DA5-824A-40F9AC1AFB59}.Debug|Any CPU.ActiveCfg = Debug|Any CPU
		{093F5E53-F74B-4DA5-824A-40F9AC1AFB59}.Debug|Any CPU.Build.0 = Debug|Any CPU
		{093F5E53-F74B-4DA5-824A-40F9AC1AFB59}.Release|Any CPU.ActiveCfg = Release|Any CPU
		{093F5E53-F74B-4DA5-824A-40F9AC1AFB59}.Release|Any CPU.Build.0 = Release|Any CPU
	EndGlobalSection
	GlobalSection(SolutionProperties) = preSolution
		HideSolutionNode = FALSE
	EndGlobalSection
	GlobalSection(ExtensibilityGlobals) = postSolution
		SolutionGuid = {75EA2AB8-77D5-4DBC-A267-F10E9A16BB72}
	EndGlobalSection
EndGlobal
